// !$*UTF8*$!
{
	archiveVersion = 1;
	classes = {
	};
	objectVersion = 56;
	objects = {

/* Begin PBXBuildFile section */
		091241D92985D9CD00194100 /* Crud_Vapor_AppApp.swift in Sources */ = {isa = PBXBuildFile; fileRef = 091241D82985D9CD00194100 /* Crud_Vapor_AppApp.swift */; };
		091241DB2985D9CD00194100 /* ProductList.swift in Sources */ = {isa = PBXBuildFile; fileRef = 091241DA2985D9CD00194100 /* ProductList.swift */; };
		091241DD2985D9D000194100 /* Assets.xcassets in Resources */ = {isa = PBXBuildFile; fileRef = 091241DC2985D9D000194100 /* Assets.xcassets */; };
		091241E02985D9D000194100 /* Preview Assets.xcassets in Resources */ = {isa = PBXBuildFile; fileRef = 091241DF2985D9D000194100 /* Preview Assets.xcassets */; };
		091241EB2985DB0A00194100 /* Product.swift in Sources */ = {isa = PBXBuildFile; fileRef = 091241EA2985DB0A00194100 /* Product.swift */; };
		091241ED2985DBD200194100 /* ProductListViewModel.swift in Sources */ = {isa = PBXBuildFile; fileRef = 091241EC2985DBD200194100 /* ProductListViewModel.swift */; };
		091241EF2985E2A100194100 /* HttpClient.swift in Sources */ = {isa = PBXBuildFile; fileRef = 091241EE2985E2A100194100 /* HttpClient.swift */; };
		091241F12985FC2400194100 /* Constants.swift in Sources */ = {isa = PBXBuildFile; fileRef = 091241F02985FC2400194100 /* Constants.swift */; };
		09359D3A298B3C6F00A5DD8C /* ProductSummery.swift in Sources */ = {isa = PBXBuildFile; fileRef = 09359D39298B3C6F00A5DD8C /* ProductSummery.swift */; };
		09359D3C298B3DDC00A5DD8C /* TabBar.swift in Sources */ = {isa = PBXBuildFile; fileRef = 09359D3B298B3DDC00A5DD8C /* TabBar.swift */; };
		094EE96B298954F800F447B0 /* UpdateView.swift in Sources */ = {isa = PBXBuildFile; fileRef = 094EE96A298954F800F447B0 /* UpdateView.swift */; };
		0998415D2986AF82006C4353 /* ModalType.swift in Sources */ = {isa = PBXBuildFile; fileRef = 0998415C2986AF82006C4353 /* ModalType.swift */; };
		0998415F2986B176006C4353 /* AddProduct.swift in Sources */ = {isa = PBXBuildFile; fileRef = 0998415E2986B176006C4353 /* AddProduct.swift */; };
		099841612986B1BA006C4353 /* AddUpdateProductViewModel.swift in Sources */ = {isa = PBXBuildFile; fileRef = 099841602986B1BA006C4353 /* AddUpdateProductViewModel.swift */; };
/* End PBXBuildFile section */

/* Begin PBXFileReference section */
		091241D52985D9CD00194100 /* Crud-Vapor-App.app */ = {isa = PBXFileReference; explicitFileType = wrapper.application; includeInIndex = 0; path = "Crud-Vapor-App.app"; sourceTree = BUILT_PRODUCTS_DIR; };
		091241D82985D9CD00194100 /* Crud_Vapor_AppApp.swift */ = {isa = PBXFileReference; lastKnownFileType = sourcecode.swift; path = Crud_Vapor_AppApp.swift; sourceTree = "<group>"; };
		091241DA2985D9CD00194100 /* ProductList.swift */ = {isa = PBXFileReference; lastKnownFileType = sourcecode.swift; path = ProductList.swift; sourceTree = "<group>"; };
		091241DC2985D9D000194100 /* Assets.xcassets */ = {isa = PBXFileReference; lastKnownFileType = folder.assetcatalog; path = Assets.xcassets; sourceTree = "<group>"; };
		091241DF2985D9D000194100 /* Preview Assets.xcassets */ = {isa = PBXFileReference; lastKnownFileType = folder.assetcatalog; path = "Preview Assets.xcassets"; sourceTree = "<group>"; };
		091241EA2985DB0A00194100 /* Product.swift */ = {isa = PBXFileReference; lastKnownFileType = sourcecode.swift; path = Product.swift; sourceTree = "<group>"; };
		091241EC2985DBD200194100 /* ProductListViewModel.swift */ = {isa = PBXFileReference; lastKnownFileType = sourcecode.swift; path = ProductListViewModel.swift; sourceTree = "<group>"; };
		091241EE2985E2A100194100 /* HttpClient.swift */ = {isa = PBXFileReference; lastKnownFileType = sourcecode.swift; path = HttpClient.swift; sourceTree = "<group>"; };
		091241F02985FC2400194100 /* Constants.swift */ = {isa = PBXFileReference; lastKnownFileType = sourcecode.swift; path = Constants.swift; sourceTree = "<group>"; };
		09359D39298B3C6F00A5DD8C /* ProductSummery.swift */ = {isa = PBXFileReference; lastKnownFileType = sourcecode.swift; path = ProductSummery.swift; sourceTree = "<group>"; };
		09359D3B298B3DDC00A5DD8C /* TabBar.swift */ = {isa = PBXFileReference; lastKnownFileType = sourcecode.swift; path = TabBar.swift; sourceTree = "<group>"; };
		094EE96A298954F800F447B0 /* UpdateView.swift */ = {isa = PBXFileReference; lastKnownFileType = sourcecode.swift; path = UpdateView.swift; sourceTree = "<group>"; };
		0998415C2986AF82006C4353 /* ModalType.swift */ = {isa = PBXFileReference; lastKnownFileType = sourcecode.swift; path = ModalType.swift; sourceTree = "<group>"; };
		0998415E2986B176006C4353 /* AddProduct.swift */ = {isa = PBXFileReference; lastKnownFileType = sourcecode.swift; path = AddProduct.swift; sourceTree = "<group>"; };
		099841602986B1BA006C4353 /* AddUpdateProductViewModel.swift */ = {isa = PBXFileReference; lastKnownFileType = sourcecode.swift; path = AddUpdateProductViewModel.swift; sourceTree = "<group>"; };
/* End PBXFileReference section */

/* Begin PBXFrameworksBuildPhase section */
		091241D22985D9CD00194100 /* Frameworks */ = {
			isa = PBXFrameworksBuildPhase;
			buildActionMask = 2147483647;
			files = (
			);
			runOnlyForDeploymentPostprocessing = 0;
		};
/* End PBXFrameworksBuildPhase section */

/* Begin PBXGroup section */
		091241CC2985D9CD00194100 = {
			isa = PBXGroup;
			children = (
				091241D72985D9CD00194100 /* Crud-Vapor-App */,
				091241D62985D9CD00194100 /* Products */,
			);
			sourceTree = "<group>";
		};
		091241D62985D9CD00194100 /* Products */ = {
			isa = PBXGroup;
			children = (
				091241D52985D9CD00194100 /* Crud-Vapor-App.app */,
			);
			name = Products;
			sourceTree = "<group>";
		};
		091241D72985D9CD00194100 /* Crud-Vapor-App */ = {
			isa = PBXGroup;
			children = (
				091241E82985DA6200194100 /* Views */,
				091241E72985DA4D00194100 /* View Models */,
				091241E62985DA3600194100 /* Models */,
				091241D82985D9CD00194100 /* Crud_Vapor_AppApp.swift */,
				091241DC2985D9D000194100 /* Assets.xcassets */,
				091241DE2985D9D000194100 /* Preview Content */,
			);
			path = "Crud-Vapor-App";
			sourceTree = "<group>";
		};
		091241DE2985D9D000194100 /* Preview Content */ = {
			isa = PBXGroup;
			children = (
				091241DF2985D9D000194100 /* Preview Assets.xcassets */,
			);
			path = "Preview Content";
			sourceTree = "<group>";
		};
		091241E62985DA3600194100 /* Models */ = {
			isa = PBXGroup;
			children = (
				091241EA2985DB0A00194100 /* Product.swift */,
				091241E92985DA7500194100 /* Utilities */,
			);
			path = Models;
			sourceTree = "<group>";
		};
		091241E72985DA4D00194100 /* View Models */ = {
			isa = PBXGroup;
			children = (
				091241EC2985DBD200194100 /* ProductListViewModel.swift */,
				099841602986B1BA006C4353 /* AddUpdateProductViewModel.swift */,
			);
			path = "View Models";
			sourceTree = "<group>";
		};
		091241E82985DA6200194100 /* Views */ = {
			isa = PBXGroup;
			children = (
				091241DA2985D9CD00194100 /* ProductList.swift */,
				0998415E2986B176006C4353 /* AddProduct.swift */,
				094EE96A298954F800F447B0 /* UpdateView.swift */,
				09359D39298B3C6F00A5DD8C /* ProductSummery.swift */,
				09359D3B298B3DDC00A5DD8C /* TabBar.swift */,
			);
			path = Views;
			sourceTree = "<group>";
		};
		091241E92985DA7500194100 /* Utilities */ = {
			isa = PBXGroup;
			children = (
				091241EE2985E2A100194100 /* HttpClient.swift */,
				091241F02985FC2400194100 /* Constants.swift */,
				0998415C2986AF82006C4353 /* ModalType.swift */,
			);
			path = Utilities;
			sourceTree = "<group>";
		};
/* End PBXGroup section */

/* Begin PBXNativeTarget section */
		091241D42985D9CD00194100 /* Crud-Vapor-App */ = {
			isa = PBXNativeTarget;
			buildConfigurationList = 091241E32985D9D000194100 /* Build configuration list for PBXNativeTarget "Crud-Vapor-App" */;
			buildPhases = (
				091241D12985D9CD00194100 /* Sources */,
				091241D22985D9CD00194100 /* Frameworks */,
				091241D32985D9CD00194100 /* Resources */,
			);
			buildRules = (
			);
			dependencies = (
			);
			name = "Crud-Vapor-App";
			productName = "Crud-Vapor-App";
			productReference = 091241D52985D9CD00194100 /* Crud-Vapor-App.app */;
			productType = "com.apple.product-type.application";
		};
/* End PBXNativeTarget section */

/* Begin PBXProject section */
		091241CD2985D9CD00194100 /* Project object */ = {
			isa = PBXProject;
			attributes = {
				BuildIndependentTargetsInParallel = 1;
				LastSwiftUpdateCheck = 1420;
				LastUpgradeCheck = 1420;
				TargetAttributes = {
					091241D42985D9CD00194100 = {
						CreatedOnToolsVersion = 14.2;
					};
				};
			};
			buildConfigurationList = 091241D02985D9CD00194100 /* Build configuration list for PBXProject "Crud-Vapor-App" */;
			compatibilityVersion = "Xcode 14.0";
			developmentRegion = en;
			hasScannedForEncodings = 0;
			knownRegions = (
				en,
				Base,
			);
			mainGroup = 091241CC2985D9CD00194100;
			productRefGroup = 091241D62985D9CD00194100 /* Products */;
			projectDirPath = "";
			projectRoot = "";
			targets = (
				091241D42985D9CD00194100 /* Crud-Vapor-App */,
			);
		};
/* End PBXProject section */

/* Begin PBXResourcesBuildPhase section */
		091241D32985D9CD00194100 /* Resources */ = {
			isa = PBXResourcesBuildPhase;
			buildActionMask = 2147483647;
			files = (
				091241E02985D9D000194100 /* Preview Assets.xcassets in Resources */,
				091241DD2985D9D000194100 /* Assets.xcassets in Resources */,
			);
			runOnlyForDeploymentPostprocessing = 0;
		};
/* End PBXResourcesBuildPhase section */

/* Begin PBXSourcesBuildPhase section */
		091241D12985D9CD00194100 /* Sources */ = {
			isa = PBXSourcesBuildPhase;
			buildActionMask = 2147483647;
			files = (
				091241EF2985E2A100194100 /* HttpClient.swift in Sources */,
				0998415D2986AF82006C4353 /* ModalType.swift in Sources */,
				091241DB2985D9CD00194100 /* ProductList.swift in Sources */,
				09359D3C298B3DDC00A5DD8C /* TabBar.swift in Sources */,
				091241D92985D9CD00194100 /* Crud_Vapor_AppApp.swift in Sources */,
				091241ED2985DBD200194100 /* ProductListViewModel.swift in Sources */,
				091241EB2985DB0A00194100 /* Product.swift in Sources */,
				09359D3A298B3C6F00A5DD8C /* ProductSummery.swift in Sources */,
				0998415F2986B176006C4353 /* AddProduct.swift in Sources */,
				094EE96B298954F800F447B0 /* UpdateView.swift in Sources */,
				099841612986B1BA006C4353 /* AddUpdateProductViewModel.swift in Sources */,
				091241F12985FC2400194100 /* Constants.swift in Sources */,
			);
			runOnlyForDeploymentPostprocessing = 0;
		};
/* End PBXSourcesBuildPhase section */

/* Begin XCBuildConfiguration section */
		091241E12985D9D000194100 /* Debug */ = {
			isa = XCBuildConfiguration;
			buildSettings = {
				ALWAYS_SEARCH_USER_PATHS = NO;
				CLANG_ANALYZER_NONNULL = YES;
				CLANG_ANALYZER_NUMBER_OBJECT_CONVERSION = YES_AGGRESSIVE;
				CLANG_CXX_LANGUAGE_STANDARD = "gnu++20";
				CLANG_ENABLE_MODULES = YES;
				CLANG_ENABLE_OBJC_ARC = YES;
				CLANG_ENABLE_OBJC_WEAK = YES;
				CLANG_WARN_BLOCK_CAPTURE_AUTORELEASING = YES;
				CLANG_WARN_BOOL_CONVERSION = YES;
				CLANG_WARN_COMMA = YES;
				CLANG_WARN_CONSTANT_CONVERSION = YES;
				CLANG_WARN_DEPRECATED_OBJC_IMPLEMENTATIONS = YES;
				CLANG_WARN_DIRECT_OBJC_ISA_USAGE = YES_ERROR;
				CLANG_WARN_DOCUMENTATION_COMMENTS = YES;
				CLANG_WARN_EMPTY_BODY = YES;
				CLANG_WARN_ENUM_CONVERSION = YES;
				CLANG_WARN_INFINITE_RECURSION = YES;
				CLANG_WARN_INT_CONVERSION = YES;
				CLANG_WARN_NON_LITERAL_NULL_CONVERSION = YES;
				CLANG_WARN_OBJC_IMPLICIT_RETAIN_SELF = YES;
				CLANG_WARN_OBJC_LITERAL_CONVERSION = YES;
				CLANG_WARN_OBJC_ROOT_CLASS = YES_ERROR;
				CLANG_WARN_QUOTED_INCLUDE_IN_FRAMEWORK_HEADER = YES;
				CLANG_WARN_RANGE_LOOP_ANALYSIS = YES;
				CLANG_WARN_STRICT_PROTOTYPES = YES;
				CLANG_WARN_SUSPICIOUS_MOVE = YES;
				CLANG_WARN_UNGUARDED_AVAILABILITY = YES_AGGRESSIVE;
				CLANG_WARN_UNREACHABLE_CODE = YES;
				CLANG_WARN__DUPLICATE_METHOD_MATCH = YES;
				COPY_PHASE_STRIP = NO;
				DEBUG_INFORMATION_FORMAT = dwarf;
				ENABLE_STRICT_OBJC_MSGSEND = YES;
				ENABLE_TESTABILITY = YES;
				GCC_C_LANGUAGE_STANDARD = gnu11;
				GCC_DYNAMIC_NO_PIC = NO;
				GCC_NO_COMMON_BLOCKS = YES;
				GCC_OPTIMIZATION_LEVEL = 0;
				GCC_PREPROCESSOR_DEFINITIONS = (
					"DEBUG=1",
					"$(inherited)",
				);
				GCC_WARN_64_TO_32_BIT_CONVERSION = YES;
				GCC_WARN_ABOUT_RETURN_TYPE = YES_ERROR;
				GCC_WARN_UNDECLARED_SELECTOR = YES;
				GCC_WARN_UNINITIALIZED_AUTOS = YES_AGGRESSIVE;
				GCC_WARN_UNUSED_FUNCTION = YES;
				GCC_WARN_UNUSED_VARIABLE = YES;
				IPHONEOS_DEPLOYMENT_TARGET = 16.2;
				MTL_ENABLE_DEBUG_INFO = INCLUDE_SOURCE;
				MTL_FAST_MATH = YES;
				ONLY_ACTIVE_ARCH = YES;
				SDKROOT = iphoneos;
				SWIFT_ACTIVE_COMPILATION_CONDITIONS = DEBUG;
				SWIFT_OPTIMIZATION_LEVEL = "-Onone";
			};
			name = Debug;
		};
		091241E22985D9D000194100 /* Release */ = {
			isa = XCBuildConfiguration;
			buildSettings = {
				ALWAYS_SEARCH_USER_PATHS = NO;
				CLANG_ANALYZER_NONNULL = YES;
				CLANG_ANALYZER_NUMBER_OBJECT_CONVERSION = YES_AGGRESSIVE;
				CLANG_CXX_LANGUAGE_STANDARD = "gnu++20";
				CLANG_ENABLE_MODULES = YES;
				CLANG_ENABLE_OBJC_ARC = YES;
				CLANG_ENABLE_OBJC_WEAK = YES;
				CLANG_WARN_BLOCK_CAPTURE_AUTORELEASING = YES;
				CLANG_WARN_BOOL_CONVERSION = YES;
				CLANG_WARN_COMMA = YES;
				CLANG_WARN_CONSTANT_CONVERSION = YES;
				CLANG_WARN_DEPRECATED_OBJC_IMPLEMENTATIONS = YES;
				CLANG_WARN_DIRECT_OBJC_ISA_USAGE = YES_ERROR;
				CLANG_WARN_DOCUMENTATION_COMMENTS = YES;
				CLANG_WARN_EMPTY_BODY = YES;
				CLANG_WARN_ENUM_CONVERSION = YES;
				CLANG_WARN_INFINITE_RECURSION = YES;
				CLANG_WARN_INT_CONVERSION = YES;
				CLANG_WARN_NON_LITERAL_NULL_CONVERSION = YES;
				CLANG_WARN_OBJC_IMPLICIT_RETAIN_SELF = YES;
				CLANG_WARN_OBJC_LITERAL_CONVERSION = YES;
				CLANG_WARN_OBJC_ROOT_CLASS = YES_ERROR;
				CLANG_WARN_QUOTED_INCLUDE_IN_FRAMEWORK_HEADER = YES;
				CLANG_WARN_RANGE_LOOP_ANALYSIS = YES;
				CLANG_WARN_STRICT_PROTOTYPES = YES;
				CLANG_WARN_SUSPICIOUS_MOVE = YES;
				CLANG_WARN_UNGUARDED_AVAILABILITY = YES_AGGRESSIVE;
				CLANG_WARN_UNREACHABLE_CODE = YES;
				CLANG_WARN__DUPLICATE_METHOD_MATCH = YES;
				COPY_PHASE_STRIP = NO;
				DEBUG_INFORMATION_FORMAT = "dwarf-with-dsym";
				ENABLE_NS_ASSERTIONS = NO;
				ENABLE_STRICT_OBJC_MSGSEND = YES;
				GCC_C_LANGUAGE_STANDARD = gnu11;
				GCC_NO_COMMON_BLOCKS = YES;
				GCC_WARN_64_TO_32_BIT_CONVERSION = YES;
				GCC_WARN_ABOUT_RETURN_TYPE = YES_ERROR;
				GCC_WARN_UNDECLARED_SELECTOR = YES;
				GCC_WARN_UNINITIALIZED_AUTOS = YES_AGGRESSIVE;
				GCC_WARN_UNUSED_FUNCTION = YES;
				GCC_WARN_UNUSED_VARIABLE = YES;
				IPHONEOS_DEPLOYMENT_TARGET = 16.2;
				MTL_ENABLE_DEBUG_INFO = NO;
				MTL_FAST_MATH = YES;
				SDKROOT = iphoneos;
				SWIFT_COMPILATION_MODE = wholemodule;
				SWIFT_OPTIMIZATION_LEVEL = "-O";
				VALIDATE_PRODUCT = YES;
			};
			name = Release;
		};
		091241E42985D9D000194100 /* Debug */ = {
			isa = XCBuildConfiguration;
			buildSettings = {
				ASSETCATALOG_COMPILER_APPICON_NAME = AppIcon;
				ASSETCATALOG_COMPILER_GLOBAL_ACCENT_COLOR_NAME = AccentColor;
				CODE_SIGN_STYLE = Automatic;
				CURRENT_PROJECT_VERSION = 1;
				DEVELOPMENT_ASSET_PATHS = "\"Crud-Vapor-App/Preview Content\"";
				ENABLE_PREVIEWS = YES;
				GENERATE_INFOPLIST_FILE = YES;
				INFOPLIST_KEY_UIApplicationSceneManifest_Generation = YES;
				INFOPLIST_KEY_UIApplicationSupportsIndirectInputEvents = YES;
				INFOPLIST_KEY_UILaunchScreen_Generation = YES;
				INFOPLIST_KEY_UISupportedInterfaceOrientations_iPad = "UIInterfaceOrientationPortrait UIInterfaceOrientationPortraitUpsideDown UIInterfaceOrientationLandscapeLeft UIInterfaceOrientationLandscapeRight";
				INFOPLIST_KEY_UISupportedInterfaceOrientations_iPhone = "UIInterfaceOrientationPortrait UIInterfaceOrientationLandscapeLeft UIInterfaceOrientationLandscapeRight";
				LD_RUNPATH_SEARCH_PATHS = (
					"$(inherited)",
					"@executable_path/Frameworks",
				);
				MARKETING_VERSION = 1.0;
				PRODUCT_BUNDLE_IDENTIFIER = "demo.Crud-Vapor-App";
				PRODUCT_NAME = "$(TARGET_NAME)";
				SWIFT_EMIT_LOC_STRINGS = YES;
				SWIFT_VERSION = 5.0;
				TARGETED_DEVICE_FAMILY = "1,2";
			};
			name = Debug;
		};
		091241E52985D9D000194100 /* Release */ = {
			isa = XCBuildConfiguration;
			buildSettings = {
				ASSETCATALOG_COMPILER_APPICON_NAME = AppIcon;
				ASSETCATALOG_COMPILER_GLOBAL_ACCENT_COLOR_NAME = AccentColor;
				CODE_SIGN_STYLE = Automatic;
				CURRENT_PROJECT_VERSION = 1;
				DEVELOPMENT_ASSET_PATHS = "\"Crud-Vapor-App/Preview Content\"";
				ENABLE_PREVIEWS = YES;
				GENERATE_INFOPLIST_FILE = YES;
				INFOPLIST_KEY_UIApplicationSceneManifest_Generation = YES;
				INFOPLIST_KEY_UIApplicationSupportsIndirectInputEvents = YES;
				INFOPLIST_KEY_UILaunchScreen_Generation = YES;
				INFOPLIST_KEY_UISupportedInterfaceOrientations_iPad = "UIInterfaceOrientationPortrait UIInterfaceOrientationPortraitUpsideDown UIInterfaceOrientationLandscapeLeft UIInterfaceOrientationLandscapeRight";
				INFOPLIST_KEY_UISupportedInterfaceOrientations_iPhone = "UIInterfaceOrientationPortrait UIInterfaceOrientationLandscapeLeft UIInterfaceOrientationLandscapeRight";
				LD_RUNPATH_SEARCH_PATHS = (
					"$(inherited)",
					"@executable_path/Frameworks",
				);
				MARKETING_VERSION = 1.0;
				PRODUCT_BUNDLE_IDENTIFIER = "demo.Crud-Vapor-App";
				PRODUCT_NAME = "$(TARGET_NAME)";
				SWIFT_EMIT_LOC_STRINGS = YES;
				SWIFT_VERSION = 5.0;
				TARGETED_DEVICE_FAMILY = "1,2";
			};
			name = Release;
		};
/* End XCBuildConfiguration section */

/* Begin XCConfigurationList section */
		091241D02985D9CD00194100 /* Build configuration list for PBXProject "Crud-Vapor-App" */ = {
			isa = XCConfigurationList;
			buildConfigurations = (
				091241E12985D9D000194100 /* Debug */,
				091241E22985D9D000194100 /* Release */,
			);
			defaultConfigurationIsVisible = 0;
			defaultConfigurationName = Release;
		};
		091241E32985D9D000194100 /* Build configuration list for PBXNativeTarget "Crud-Vapor-App" */ = {
			isa = XCConfigurationList;
			buildConfigurations = (
				091241E42985D9D000194100 /* Debug */,
				091241E52985D9D000194100 /* Release */,
			);
			defaultConfigurationIsVisible = 0;
			defaultConfigurationName = Release;
		};
/* End XCConfigurationList section */
	};
	rootObject = 091241CD2985D9CD00194100 /* Project object */;
}
